
Microsoft Visual Studio Solution File, Format Version 12.00
# Visual Studio 2012
Project("{2150E333-8FDC-42A3-9474-1A3956D46DE8}") = "lib", "lib", "{7DFA5487-0A2F-44B4-9239-C7AD8B8F8309}"
EndProject
Project("{FAE04EC0-301F-11D3-BF4B-00C04F79EFBC}") = "ProducerEditor", "ProducerEditor\ProducerEditor.csproj", "{6FCA4BD0-283F-495D-BC9C-C7FB4E3F0140}"
	ProjectSection(ProjectDependencies) = postProject
		{7A48EB44-15FC-4EBB-A3CE-2FBF3E8465E5} = {7A48EB44-15FC-4EBB-A3CE-2FBF3E8465E5}
	EndProjectSection
EndProject
Project("{FAE04EC0-301F-11D3-BF4B-00C04F79EFBC}") = "ProducerEditor.Tests", "ProducerEditor.Tests\ProducerEditor.Tests.csproj", "{47058B7A-8114-428A-AF8B-E4C2B71EEDD9}"
EndProject
Project("{FAE04EC0-301F-11D3-BF4B-00C04F79EFBC}") = "Common.Tools", "Common.Tools\Common.Tools\Common.Tools.csproj", "{72AFCFE8-C9E9-45FA-9698-BEE896A517A3}"
EndProject
Project("{FAE04EC0-301F-11D3-BF4B-00C04F79EFBC}") = "Common.Tools.Tests", "Common.Tools\Common.Tools.Test\Common.Tools.Tests.csproj", "{A2C4864F-8976-4C5B-A2BF-60AE31749BB7}"
EndProject
Project("{FAE04EC0-301F-11D3-BF4B-00C04F79EFBC}") = "Installer", "Installer\Installer.csproj", "{723F5C11-CFB0-4B43-80D7-CDC096BD4EC2}"
EndProject
Project("{FAE04EC0-301F-11D3-BF4B-00C04F79EFBC}") = "Subway", "Subway\src\Subway\Subway.csproj", "{C6AA1C77-7848-4555-AEFE-6025DF0AA6F1}"
EndProject
Project("{FAE04EC0-301F-11D3-BF4B-00C04F79EFBC}") = "Subway.Tests", "Subway\src\Subway.Tests\Subway.Tests.csproj", "{ABCD0EA4-9165-4A94-8A52-77DB2561F5F7}"
EndProject
Project("{FAE04EC0-301F-11D3-BF4B-00C04F79EFBC}") = "DevAge.Core", "Subway\src\DevAgeSourcePack4_9\DevAge.Core\DevAge.Core.csproj", "{3EB346D6-5AE2-42BE-98F9-BFAC1C2C719C}"
EndProject
Project("{FAE04EC0-301F-11D3-BF4B-00C04F79EFBC}") = "DevAge.Windows.Forms", "Subway\src\DevAgeSourcePack4_9\DevAge.Windows.Forms\DevAge.Windows.Forms.csproj", "{3DF8B880-8A23-4F10-9EAB-D72EF0672C3E}"
EndProject
Project("{FAE04EC0-301F-11D3-BF4B-00C04F79EFBC}") = "ProducerEditor.Service", "ProducerEditor.Service\ProducerEditor.Service.csproj", "{7A48EB44-15FC-4EBB-A3CE-2FBF3E8465E5}"
EndProject
Project("{FAE04EC0-301F-11D3-BF4B-00C04F79EFBC}") = "Common.MySql", "Common.MySql\Common.MySql\Common.MySql.csproj", "{8A680813-C83B-497A-85E6-E8F07B7D7650}"
EndProject
Project("{FAE04EC0-301F-11D3-BF4B-00C04F79EFBC}") = "Common.MySql.Tests", "Common.MySql\Common.MySql.Tests\Common.MySql.Tests.csproj", "{98EFE255-60D6-4C1B-95A6-49779D21E94E}"
EndProject
Project("{FAE04EC0-301F-11D3-BF4B-00C04F79EFBC}") = "Common.Service", "Common.Service\Common.Service\Common.Service.csproj", "{42D52206-A0F4-4624-B3DA-D554DC6A5C09}"
EndProject
Project("{FAE04EC0-301F-11D3-BF4B-00C04F79EFBC}") = "Common.Service.Tests", "Common.Service\Common.Service.Tests\Common.Service.Tests.csproj", "{CD94B599-2068-48C8-ABFB-D60E86C33613}"
EndProject
Project("{FAE04EC0-301F-11D3-BF4B-00C04F79EFBC}") = "Common.Models", "Common.Models\Common.Models\Common.Models.csproj", "{80C9F352-5EED-41B2-989A-6628BCAF4D36}"
EndProject
Project("{FAE04EC0-301F-11D3-BF4B-00C04F79EFBC}") = "Common.Models.Tests", "Common.Models\Common.Models.Tests\Common.Models.Tests.csproj", "{75D6B3B6-82B6-448F-8565-DBD2FD467D4F}"
EndProject
Project("{FAE04EC0-301F-11D3-BF4B-00C04F79EFBC}") = "Test.Support", "Test.Support\Test.Support\Test.Support.csproj", "{A215E837-1208-49E3-AF93-A9612223122C}"
EndProject
Project("{FAE04EC0-301F-11D3-BF4B-00C04F79EFBC}") = "ProducerEditor.Contract", "ProducerEditor.Contract\ProducerEditor.Contract.csproj", "{A2098DE7-3CE2-4EEB-9233-3ECFFA88DDB9}"
EndProject
Project("{FAE04EC0-301F-11D3-BF4B-00C04F79EFBC}") = "Common.NHibernate", "Common.MySql\Common.NHibernate\Common.NHibernate.csproj", "{8BE188CA-A0D9-4609-AB2E-AB8EDF849FE0}"
EndProject
Global
	GlobalSection(SolutionConfigurationPlatforms) = preSolution
		Debug|Any CPU = Debug|Any CPU
		Debug|x86 = Debug|x86
		Release|Any CPU = Release|Any CPU
		Release|x86 = Release|x86
	EndGlobalSection
	GlobalSection(ProjectConfigurationPlatforms) = postSolution
		{6FCA4BD0-283F-495D-BC9C-C7FB4E3F0140}.Debug|Any CPU.ActiveCfg = Debug|Any CPU
		{6FCA4BD0-283F-495D-BC9C-C7FB4E3F0140}.Debug|Any CPU.Build.0 = Debug|Any CPU
		{6FCA4BD0-283F-495D-BC9C-C7FB4E3F0140}.Debug|x86.ActiveCfg = Debug|Any CPU
		{6FCA4BD0-283F-495D-BC9C-C7FB4E3F0140}.Release|Any CPU.ActiveCfg = Release|Any CPU
		{6FCA4BD0-283F-495D-BC9C-C7FB4E3F0140}.Release|Any CPU.Build.0 = Release|Any CPU
		{6FCA4BD0-283F-495D-BC9C-C7FB4E3F0140}.Release|x86.ActiveCfg = Release|Any CPU
		{47058B7A-8114-428A-AF8B-E4C2B71EEDD9}.Debug|Any CPU.ActiveCfg = Debug|Any CPU
		{47058B7A-8114-428A-AF8B-E4C2B71EEDD9}.Debug|Any CPU.Build.0 = Debug|Any CPU
		{47058B7A-8114-428A-AF8B-E4C2B71EEDD9}.Debug|x86.ActiveCfg = Debug|Any CPU
		{47058B7A-8114-428A-AF8B-E4C2B71EEDD9}.Release|Any CPU.ActiveCfg = Release|Any CPU
		{47058B7A-8114-428A-AF8B-E4C2B71EEDD9}.Release|Any CPU.Build.0 = Release|Any CPU
		{47058B7A-8114-428A-AF8B-E4C2B71EEDD9}.Release|x86.ActiveCfg = Release|Any CPU
		{72AFCFE8-C9E9-45FA-9698-BEE896A517A3}.Debug|Any CPU.ActiveCfg = Debug|Any CPU
		{72AFCFE8-C9E9-45FA-9698-BEE896A517A3}.Debug|Any CPU.Build.0 = Debug|Any CPU
		{72AFCFE8-C9E9-45FA-9698-BEE896A517A3}.Debug|x86.ActiveCfg = Debug|x86
		{72AFCFE8-C9E9-45FA-9698-BEE896A517A3}.Debug|x86.Build.0 = Debug|x86
		{72AFCFE8-C9E9-45FA-9698-BEE896A517A3}.Release|Any CPU.ActiveCfg = Release|Any CPU
		{72AFCFE8-C9E9-45FA-9698-BEE896A517A3}.Release|Any CPU.Build.0 = Release|Any CPU
		{72AFCFE8-C9E9-45FA-9698-BEE896A517A3}.Release|x86.ActiveCfg = Release|x86
		{72AFCFE8-C9E9-45FA-9698-BEE896A517A3}.Release|x86.Build.0 = Release|x86
		{A2C4864F-8976-4C5B-A2BF-60AE31749BB7}.Debug|Any CPU.ActiveCfg = Debug|Any CPU
		{A2C4864F-8976-4C5B-A2BF-60AE31749BB7}.Debug|Any CPU.Build.0 = Debug|Any CPU
		{A2C4864F-8976-4C5B-A2BF-60AE31749BB7}.Debug|x86.ActiveCfg = Debug|x86
		{A2C4864F-8976-4C5B-A2BF-60AE31749BB7}.Debug|x86.Build.0 = Debug|x86
		{A2C4864F-8976-4C5B-A2BF-60AE31749BB7}.Release|Any CPU.ActiveCfg = Release|Any CPU
		{A2C4864F-8976-4C5B-A2BF-60AE31749BB7}.Release|Any CPU.Build.0 = Release|Any CPU
		{A2C4864F-8976-4C5B-A2BF-60AE31749BB7}.Release|x86.ActiveCfg = Release|x86
		{A2C4864F-8976-4C5B-A2BF-60AE31749BB7}.Release|x86.Build.0 = Release|x86
		{723F5C11-CFB0-4B43-80D7-CDC096BD4EC2}.Debug|Any CPU.ActiveCfg = Debug|Any CPU
		{723F5C11-CFB0-4B43-80D7-CDC096BD4EC2}.Debug|Any CPU.Build.0 = Debug|Any CPU
		{723F5C11-CFB0-4B43-80D7-CDC096BD4EC2}.Debug|x86.ActiveCfg = Debug|Any CPU
		{723F5C11-CFB0-4B43-80D7-CDC096BD4EC2}.Release|Any CPU.ActiveCfg = Release|Any CPU
		{723F5C11-CFB0-4B43-80D7-CDC096BD4EC2}.Release|Any CPU.Build.0 = Release|Any CPU
		{723F5C11-CFB0-4B43-80D7-CDC096BD4EC2}.Release|x86.ActiveCfg = Release|Any CPU
		{C6AA1C77-7848-4555-AEFE-6025DF0AA6F1}.Debug|Any CPU.ActiveCfg = Debug|Any CPU
		{C6AA1C77-7848-4555-AEFE-6025DF0AA6F1}.Debug|Any CPU.Build.0 = Debug|Any CPU
		{C6AA1C77-7848-4555-AEFE-6025DF0AA6F1}.Debug|x86.ActiveCfg = Debug|Any CPU
		{C6AA1C77-7848-4555-AEFE-6025DF0AA6F1}.Release|Any CPU.ActiveCfg = Release|Any CPU
		{C6AA1C77-7848-4555-AEFE-6025DF0AA6F1}.Release|Any CPU.Build.0 = Release|Any CPU
		{C6AA1C77-7848-4555-AEFE-6025DF0AA6F1}.Release|x86.ActiveCfg = Release|Any CPU
		{ABCD0EA4-9165-4A94-8A52-77DB2561F5F7}.Debug|Any CPU.ActiveCfg = Debug|Any CPU
		{ABCD0EA4-9165-4A94-8A52-77DB2561F5F7}.Debug|Any CPU.Build.0 = Debug|Any CPU
		{ABCD0EA4-9165-4A94-8A52-77DB2561F5F7}.Debug|x86.ActiveCfg = Debug|Any CPU
		{ABCD0EA4-9165-4A94-8A52-77DB2561F5F7}.Release|Any CPU.ActiveCfg = Release|Any CPU
		{ABCD0EA4-9165-4A94-8A52-77DB2561F5F7}.Release|Any CPU.Build.0 = Release|Any CPU
		{ABCD0EA4-9165-4A94-8A52-77DB2561F5F7}.Release|x86.ActiveCfg = Release|Any CPU
		{3EB346D6-5AE2-42BE-98F9-BFAC1C2C719C}.Debug|Any CPU.ActiveCfg = Debug|Any CPU
		{3EB346D6-5AE2-42BE-98F9-BFAC1C2C719C}.Debug|Any CPU.Build.0 = Debug|Any CPU
		{3EB346D6-5AE2-42BE-98F9-BFAC1C2C719C}.Debug|x86.ActiveCfg = Debug|Any CPU
		{3EB346D6-5AE2-42BE-98F9-BFAC1C2C719C}.Release|Any CPU.ActiveCfg = Release|Any CPU
		{3EB346D6-5AE2-42BE-98F9-BFAC1C2C719C}.Release|Any CPU.Build.0 = Release|Any CPU
		{3EB346D6-5AE2-42BE-98F9-BFAC1C2C719C}.Release|x86.ActiveCfg = Release|Any CPU
		{3DF8B880-8A23-4F10-9EAB-D72EF0672C3E}.Debug|Any CPU.ActiveCfg = Debug|Any CPU
		{3DF8B880-8A23-4F10-9EAB-D72EF0672C3E}.Debug|Any CPU.Build.0 = Debug|Any CPU
		{3DF8B880-8A23-4F10-9EAB-D72EF0672C3E}.Debug|x86.ActiveCfg = Debug|Any CPU
		{3DF8B880-8A23-4F10-9EAB-D72EF0672C3E}.Release|Any CPU.ActiveCfg = Release|Any CPU
		{3DF8B880-8A23-4F10-9EAB-D72EF0672C3E}.Release|Any CPU.Build.0 = Release|Any CPU
		{3DF8B880-8A23-4F10-9EAB-D72EF0672C3E}.Release|x86.ActiveCfg = Release|Any CPU
		{7A48EB44-15FC-4EBB-A3CE-2FBF3E8465E5}.Debug|Any CPU.ActiveCfg = Debug|Any CPU
		{7A48EB44-15FC-4EBB-A3CE-2FBF3E8465E5}.Debug|Any CPU.Build.0 = Debug|Any CPU
		{7A48EB44-15FC-4EBB-A3CE-2FBF3E8465E5}.Debug|x86.ActiveCfg = Debug|Any CPU
		{7A48EB44-15FC-4EBB-A3CE-2FBF3E8465E5}.Release|Any CPU.ActiveCfg = Release|Any CPU
		{7A48EB44-15FC-4EBB-A3CE-2FBF3E8465E5}.Release|Any CPU.Build.0 = Release|Any CPU
		{7A48EB44-15FC-4EBB-A3CE-2FBF3E8465E5}.Release|x86.ActiveCfg = Release|Any CPU
		{8A680813-C83B-497A-85E6-E8F07B7D7650}.Debug|Any CPU.ActiveCfg = Debug|Any CPU
		{8A680813-C83B-497A-85E6-E8F07B7D7650}.Debug|Any CPU.Build.0 = Debug|Any CPU
		{8A680813-C83B-497A-85E6-E8F07B7D7650}.Debug|x86.ActiveCfg = Debug|Any CPU
		{8A680813-C83B-497A-85E6-E8F07B7D7650}.Release|Any CPU.ActiveCfg = Release|Any CPU
		{8A680813-C83B-497A-85E6-E8F07B7D7650}.Release|Any CPU.Build.0 = Release|Any CPU
		{8A680813-C83B-497A-85E6-E8F07B7D7650}.Release|x86.ActiveCfg = Release|Any CPU
		{98EFE255-60D6-4C1B-95A6-49779D21E94E}.Debug|Any CPU.ActiveCfg = Debug|Any CPU
		{98EFE255-60D6-4C1B-95A6-49779D21E94E}.Debug|Any CPU.Build.0 = Debug|Any CPU
		{98EFE255-60D6-4C1B-95A6-49779D21E94E}.Debug|x86.ActiveCfg = Debug|Any CPU
		{98EFE255-60D6-4C1B-95A6-49779D21E94E}.Release|Any CPU.ActiveCfg = Release|Any CPU
		{98EFE255-60D6-4C1B-95A6-49779D21E94E}.Release|Any CPU.Build.0 = Release|Any CPU
		{98EFE255-60D6-4C1B-95A6-49779D21E94E}.Release|x86.ActiveCfg = Release|Any CPU
		{42D52206-A0F4-4624-B3DA-D554DC6A5C09}.Debug|Any CPU.ActiveCfg = Debug|Any CPU
		{42D52206-A0F4-4624-B3DA-D554DC6A5C09}.Debug|Any CPU.Build.0 = Debug|Any CPU
		{42D52206-A0F4-4624-B3DA-D554DC6A5C09}.Debug|x86.ActiveCfg = Debug|Any CPU
		{42D52206-A0F4-4624-B3DA-D554DC6A5C09}.Release|Any CPU.ActiveCfg = Release|Any CPU
		{42D52206-A0F4-4624-B3DA-D554DC6A5C09}.Release|Any CPU.Build.0 = Release|Any CPU
		{42D52206-A0F4-4624-B3DA-D554DC6A5C09}.Release|x86.ActiveCfg = Release|Any CPU
		{CD94B599-2068-48C8-ABFB-D60E86C33613}.Debug|Any CPU.ActiveCfg = Debug|Any CPU
		{CD94B599-2068-48C8-ABFB-D60E86C33613}.Debug|Any CPU.Build.0 = Debug|Any CPU
		{CD94B599-2068-48C8-ABFB-D60E86C33613}.Debug|x86.ActiveCfg = Debug|Any CPU
		{CD94B599-2068-48C8-ABFB-D60E86C33613}.Release|Any CPU.ActiveCfg = Release|Any CPU
		{CD94B599-2068-48C8-ABFB-D60E86C33613}.Release|Any CPU.Build.0 = Release|Any CPU
		{CD94B599-2068-48C8-ABFB-D60E86C33613}.Release|x86.ActiveCfg = Release|Any CPU
		{80C9F352-5EED-41B2-989A-6628BCAF4D36}.Debug|Any CPU.ActiveCfg = Debug|Any CPU
		{80C9F352-5EED-41B2-989A-6628BCAF4D36}.Debug|Any CPU.Build.0 = Debug|Any CPU
		{80C9F352-5EED-41B2-989A-6628BCAF4D36}.Debug|x86.ActiveCfg = Debug|x86
		{80C9F352-5EED-41B2-989A-6628BCAF4D36}.Debug|x86.Build.0 = Debug|x86
		{80C9F352-5EED-41B2-989A-6628BCAF4D36}.Release|Any CPU.ActiveCfg = Release|Any CPU
		{80C9F352-5EED-41B2-989A-6628BCAF4D36}.Release|Any CPU.Build.0 = Release|Any CPU
		{80C9F352-5EED-41B2-989A-6628BCAF4D36}.Release|x86.ActiveCfg = Release|x86
		{80C9F352-5EED-41B2-989A-6628BCAF4D36}.Release|x86.Build.0 = Release|x86
		{75D6B3B6-82B6-448F-8565-DBD2FD467D4F}.Debug|Any CPU.ActiveCfg = Debug|Any CPU
		{75D6B3B6-82B6-448F-8565-DBD2FD467D4F}.Debug|Any CPU.Build.0 = Debug|Any CPU
		{75D6B3B6-82B6-448F-8565-DBD2FD467D4F}.Debug|x86.ActiveCfg = Debug|x86
		{75D6B3B6-82B6-448F-8565-DBD2FD467D4F}.Debug|x86.Build.0 = Debug|x86
		{75D6B3B6-82B6-448F-8565-DBD2FD467D4F}.Release|Any CPU.ActiveCfg = Release|Any CPU
		{75D6B3B6-82B6-448F-8565-DBD2FD467D4F}.Release|Any CPU.Build.0 = Release|Any CPU
		{75D6B3B6-82B6-448F-8565-DBD2FD467D4F}.Release|x86.ActiveCfg = Release|x86
		{75D6B3B6-82B6-448F-8565-DBD2FD467D4F}.Release|x86.Build.0 = Release|x86
		{A215E837-1208-49E3-AF93-A9612223122C}.Debug|Any CPU.ActiveCfg = Debug|Any CPU
		{A215E837-1208-49E3-AF93-A9612223122C}.Debug|Any CPU.Build.0 = Debug|Any CPU
		{A215E837-1208-49E3-AF93-A9612223122C}.Debug|x86.ActiveCfg = Debug|Any CPU
		{A215E837-1208-49E3-AF93-A9612223122C}.Release|Any CPU.ActiveCfg = Release|Any CPU
		{A215E837-1208-49E3-AF93-A9612223122C}.Release|Any CPU.Build.0 = Release|Any CPU
		{A215E837-1208-49E3-AF93-A9612223122C}.Release|x86.ActiveCfg = Release|Any CPU
		{A2098DE7-3CE2-4EEB-9233-3ECFFA88DDB9}.Debug|Any CPU.ActiveCfg = Debug|Any CPU
		{A2098DE7-3CE2-4EEB-9233-3ECFFA88DDB9}.Debug|Any CPU.Build.0 = Debug|Any CPU
		{A2098DE7-3CE2-4EEB-9233-3ECFFA88DDB9}.Debug|x86.ActiveCfg = Debug|Any CPU
		{A2098DE7-3CE2-4EEB-9233-3ECFFA88DDB9}.Release|Any CPU.ActiveCfg = Release|Any CPU
		{A2098DE7-3CE2-4EEB-9233-3ECFFA88DDB9}.Release|Any CPU.Build.0 = Release|Any CPU
		{A2098DE7-3CE2-4EEB-9233-3ECFFA88DDB9}.Release|x86.ActiveCfg = Release|Any CPU
		{8BE188CA-A0D9-4609-AB2E-AB8EDF849FE0}.Debug|Any CPU.ActiveCfg = Debug|Any CPU
		{8BE188CA-A0D9-4609-AB2E-AB8EDF849FE0}.Debug|Any CPU.Build.0 = Debug|Any CPU
		{8BE188CA-A0D9-4609-AB2E-AB8EDF849FE0}.Debug|x86.ActiveCfg = Debug|Any CPU
		{8BE188CA-A0D9-4609-AB2E-AB8EDF849FE0}.Release|Any CPU.ActiveCfg = Release|Any CPU
		{8BE188CA-A0D9-4609-AB2E-AB8EDF849FE0}.Release|Any CPU.Build.0 = Release|Any CPU
		{8BE188CA-A0D9-4609-AB2E-AB8EDF849FE0}.Release|x86.ActiveCfg = Release|Any CPU
	EndGlobalSection
	GlobalSection(SolutionProperties) = preSolution
		HideSolutionNode = FALSE
	EndGlobalSection
	GlobalSection(NestedProjects) = preSolution
		{72AFCFE8-C9E9-45FA-9698-BEE896A517A3} = {7DFA5487-0A2F-44B4-9239-C7AD8B8F8309}
		{A2C4864F-8976-4C5B-A2BF-60AE31749BB7} = {7DFA5487-0A2F-44B4-9239-C7AD8B8F8309}
		{723F5C11-CFB0-4B43-80D7-CDC096BD4EC2} = {7DFA5487-0A2F-44B4-9239-C7AD8B8F8309}
		{C6AA1C77-7848-4555-AEFE-6025DF0AA6F1} = {7DFA5487-0A2F-44B4-9239-C7AD8B8F8309}
		{ABCD0EA4-9165-4A94-8A52-77DB2561F5F7} = {7DFA5487-0A2F-44B4-9239-C7AD8B8F8309}
		{3EB346D6-5AE2-42BE-98F9-BFAC1C2C719C} = {7DFA5487-0A2F-44B4-9239-C7AD8B8F8309}
		{3DF8B880-8A23-4F10-9EAB-D72EF0672C3E} = {7DFA5487-0A2F-44B4-9239-C7AD8B8F8309}
		{8A680813-C83B-497A-85E6-E8F07B7D7650} = {7DFA5487-0A2F-44B4-9239-C7AD8B8F8309}
		{98EFE255-60D6-4C1B-95A6-49779D21E94E} = {7DFA5487-0A2F-44B4-9239-C7AD8B8F8309}
		{42D52206-A0F4-4624-B3DA-D554DC6A5C09} = {7DFA5487-0A2F-44B4-9239-C7AD8B8F8309}
		{CD94B599-2068-48C8-ABFB-D60E86C33613} = {7DFA5487-0A2F-44B4-9239-C7AD8B8F8309}
		{80C9F352-5EED-41B2-989A-6628BCAF4D36} = {7DFA5487-0A2F-44B4-9239-C7AD8B8F8309}
		{75D6B3B6-82B6-448F-8565-DBD2FD467D4F} = {7DFA5487-0A2F-44B4-9239-C7AD8B8F8309}
		{A215E837-1208-49E3-AF93-A9612223122C} = {7DFA5487-0A2F-44B4-9239-C7AD8B8F8309}
		{8BE188CA-A0D9-4609-AB2E-AB8EDF849FE0} = {7DFA5487-0A2F-44B4-9239-C7AD8B8F8309}
	EndGlobalSection
EndGlobal
